
Microsoft Visual Studio Solution File, Format Version 12.00
# Visual Studio Version 17
VisualStudioVersion = 17.6.33723.286
MinimumVisualStudioVersion = 10.0.40219.1
Project("{FAE04EC0-301F-11D3-BF4B-00C04F79EFBC}") = "AppUpdateManagerTest.Android", "AppUpdateManagerTest\AppUpdateManagerTest.Android\AppUpdateManagerTest.Android.csproj", "{D2E1936C-412F-4D36-890D-53928C65727F}"
EndProject
Project("{FAE04EC0-301F-11D3-BF4B-00C04F79EFBC}") = "AppUpdateManagerTest.iOS", "AppUpdateManagerTest\AppUpdateManagerTest.iOS\AppUpdateManagerTest.iOS.csproj", "{DFFFA2DC-E06A-4E37-A543-5EEDC03A3108}"
EndProject
Project("{9A19103F-16F7-4668-BE54-9A1E7A4F7556}") = "AppUpdateManagerTest", "AppUpdateManagerTest\AppUpdateManagerTest\AppUpdateManagerTest.csproj", "{1193D4E5-A999-46AA-9652-DD3652F04BF8}"
EndProject
Global
	GlobalSection(SolutionConfigurationPlatforms) = preSolution
		Debug|Any CPU = Debug|Any CPU
		Debug|iPhone = Debug|iPhone
		Debug|iPhoneSimulator = Debug|iPhoneSimulator
		Release|Any CPU = Release|Any CPU
		Release|iPhone = Release|iPhone
		Release|iPhoneSimulator = Release|iPhoneSimulator
	EndGlobalSection
	GlobalSection(ProjectConfigurationPlatforms) = postSolution
		{D2E1936C-412F-4D36-890D-53928C65727F}.Debug|Any CPU.ActiveCfg = Debug|Any CPU
		{D2E1936C-412F-4D36-890D-53928C65727F}.Debug|Any CPU.Build.0 = Debug|Any CPU
		{D2E1936C-412F-4D36-890D-53928C65727F}.Debug|Any CPU.Deploy.0 = Debug|Any CPU
		{D2E1936C-412F-4D36-890D-53928C65727F}.Debug|iPhone.ActiveCfg = Debug|Any CPU
		{D2E1936C-412F-4D36-890D-53928C65727F}.Debug|iPhone.Build.0 = Debug|Any CPU
		{D2E1936C-412F-4D36-890D-53928C65727F}.Debug|iPhone.Deploy.0 = Debug|Any CPU
		{D2E1936C-412F-4D36-890D-53928C65727F}.Debug|iPhoneSimulator.ActiveCfg = Debug|Any CPU
		{D2E1936C-412F-4D36-890D-53928C65727F}.Debug|iPhoneSimulator.Build.0 = Debug|Any CPU
		{D2E1936C-412F-4D36-890D-53928C65727F}.Debug|iPhoneSimulator.Deploy.0 = Debug|Any CPU
		{D2E1936C-412F-4D36-890D-53928C65727F}.Release|Any CPU.ActiveCfg = Release|Any CPU
		{D2E1936C-412F-4D36-890D-53928C65727F}.Release|Any CPU.Build.0 = Release|Any CPU
		{D2E1936C-412F-4D36-890D-53928C65727F}.Release|Any CPU.Deploy.0 = Release|Any CPU
		{D2E1936C-412F-4D36-890D-53928C65727F}.Release|iPhone.ActiveCfg = Release|Any CPU
		{D2E1936C-412F-4D36-890D-53928C65727F}.Release|iPhone.Build.0 = Release|Any CPU
		{D2E1936C-412F-4D36-890D-53928C65727F}.Release|iPhone.Deploy.0 = Release|Any CPU
		{D2E1936C-412F-4D36-890D-53928C65727F}.Release|iPhoneSimulator.ActiveCfg = Release|Any CPU
		{D2E1936C-412F-4D36-890D-53928C65727F}.Release|iPhoneSimulator.Build.0 = Release|Any CPU
		{D2E1936C-412F-4D36-890D-53928C65727F}.Release|iPhoneSimulator.Deploy.0 = Release|Any CPU
		{DFFFA2DC-E06A-4E37-A543-5EEDC03A3108}.Debug|Any CPU.ActiveCfg = Debug|iPhone
		{DFFFA2DC-E06A-4E37-A543-5EEDC03A3108}.Debug|Any CPU.Build.0 = Debug|iPhone
		{DFFFA2DC-E06A-4E37-A543-5EEDC03A3108}.Debug|Any CPU.Deploy.0 = Debug|iPhone
		{DFFFA2DC-E06A-4E37-A543-5EEDC03A3108}.Debug|iPhone.ActiveCfg = Debug|iPhone
		{DFFFA2DC-E06A-4E37-A543-5EEDC03A3108}.Debug|iPhone.Build.0 = Debug|iPhone
		{DFFFA2DC-E06A-4E37-A543-5EEDC03A3108}.Debug|iPhone.Deploy.0 = Debug|iPhone
		{DFFFA2DC-E06A-4E37-A543-5EEDC03A3108}.Debug|iPhoneSimulator.ActiveCfg = Debug|iPhoneSimulator
		{DFFFA2DC-E06A-4E37-A543-5EEDC03A3108}.Debug|iPhoneSimulator.Build.0 = Debug|iPhoneSimulator
		{DFFFA2DC-E06A-4E37-A543-5EEDC03A3108}.Debug|iPhoneSimulator.Deploy.0 = Debug|iPhoneSimulator
		{DFFFA2DC-E06A-4E37-A543-5EEDC03A3108}.Release|Any CPU.ActiveCfg = Release|iPhoneSimulator
		{DFFFA2DC-E06A-4E37-A543-5EEDC03A3108}.Release|Any CPU.Build.0 = Release|iPhoneSimulator
		{DFFFA2DC-E06A-4E37-A543-5EEDC03A3108}.Release|Any CPU.Deploy.0 = Release|iPhoneSimulator
		{DFFFA2DC-E06A-4E37-A543-5EEDC03A3108}.Release|iPhone.ActiveCfg = Release|iPhone
		{DFFFA2DC-E06A-4E37-A543-5EEDC03A3108}.Release|iPhone.Build.0 = Release|iPhone
		{DFFFA2DC-E06A-4E37-A543-5EEDC03A3108}.Release|iPhone.Deploy.0 = Release|iPhone
		{DFFFA2DC-E06A-4E37-A543-5EEDC03A3108}.Release|iPhoneSimulator.ActiveCfg = Release|iPhoneSimulator
		{DFFFA2DC-E06A-4E37-A543-5EEDC03A3108}.Release|iPhoneSimulator.Build.0 = Release|iPhoneSimulator
		{DFFFA2DC-E06A-4E37-A543-5EEDC03A3108}.Release|iPhoneSimulator.Deploy.0 = Release|iPhoneSimulator
		{1193D4E5-A999-46AA-9652-DD3652F04BF8}.Debug|Any CPU.ActiveCfg = Debug|Any CPU
		{1193D4E5-A999-46AA-9652-DD3652F04BF8}.Debug|Any CPU.Build.0 = Debug|Any CPU
		{1193D4E5-A999-46AA-9652-DD3652F04BF8}.Debug|Any CPU.Deploy.0 = Debug|Any CPU
		{1193D4E5-A999-46AA-9652-DD3652F04BF8}.Debug|iPhone.ActiveCfg = Debug|Any CPU
		{1193D4E5-A999-46AA-9652-DD3652F04BF8}.Debug|iPhone.Build.0 = Debug|Any CPU
		{1193D4E5-A999-46AA-9652-DD3652F04BF8}.Debug|iPhone.Deploy.0 = Debug|Any CPU
		{1193D4E5-A999-46AA-9652-DD3652F04BF8}.Debug|iPhoneSimulator.ActiveCfg = Debug|Any CPU
		{1193D4E5-A999-46AA-9652-DD3652F04BF8}.Debug|iPhoneSimulator.Build.0 = Debug|Any CPU
		{1193D4E5-A999-46AA-9652-DD3652F04BF8}.Debug|iPhoneSimulator.Deploy.0 = Debug|Any CPU
		{1193D4E5-A999-46AA-9652-DD3652F04BF8}.Release|Any CPU.ActiveCfg = Release|Any CPU
		{1193D4E5-A999-46AA-9652-DD3652F04BF8}.Release|Any CPU.Build.0 = Release|Any CPU
		{1193D4E5-A999-46AA-9652-DD3652F04BF8}.Release|Any CPU.Deploy.0 = Release|Any CPU
		{1193D4E5-A999-46AA-9652-DD3652F04BF8}.Release|iPhone.ActiveCfg = Release|Any CPU
		{1193D4E5-A999-46AA-9652-DD3652F04BF8}.Release|iPhone.Build.0 = Release|Any CPU
		{1193D4E5-A999-46AA-9652-DD3652F04BF8}.Release|iPhone.Deploy.0 = Release|Any CPU
		{1193D4E5-A999-46AA-9652-DD3652F04BF8}.Release|iPhoneSimulator.ActiveCfg = Release|Any CPU
		{1193D4E5-A999-46AA-9652-DD3652F04BF8}.Release|iPhoneSimulator.Build.0 = Release|Any CPU
		{1193D4E5-A999-46AA-9652-DD3652F04BF8}.Release|iPhoneSimulator.Deploy.0 = Release|Any CPU
	EndGlobalSection
	GlobalSection(SolutionProperties) = preSolution
		HideSolutionNode = FALSE
	EndGlobalSection
	GlobalSection(ExtensibilityGlobals) = postSolution
		SolutionGuid = {19E58888-CEA0-4910-BCA9-FB123D63AEDB}
	EndGlobalSection
EndGlobal
